{
  "originHash" : "e798dad831f00bf64246f267ecfccbf221e5064fb9b8cea70e33e8ba83ddf594",
  "pins" : [
    {
      "identity" : "swift-essentials",
      "kind" : "remoteSourceControl",
      "location" : "https://github.com/lumoscompany/swift-essentials.git",
      "state" : {
        "revision" : "8b545ef68059b2c2c82dbe688ede1794308629ac",
        "version" : "0.0.18"
      }
    },
    {
      "identity" : "swift-essentials-nfc",
      "kind" : "remoteSourceControl",
      "location" : "https://github.com/lumoscompany/swift-essentials-nfc.git",
      "state" : {
        "revision" : "ca3ec5e51c5a416d59e620aa6c7d39e2ab18f7e8",
        "version" : "0.0.2"
      }
    },
    {
      "identity" : "swift-log",
      "kind" : "remoteSourceControl",
      "location" : "https://github.com/apple/swift-log",
      "state" : {
        "revision" : "9cb486020ebf03bfa5b5df985387a14a98744537",
        "version" : "1.6.1"
      }
    }
  ],
  "version" : 3
}
