{
  "originHash" : "d0837b5fa720b93cc1650a0f7588ae9c4e9ea66a4ba2171c9caaa5e9c01a09aa",
  "pins" : [
    {
      "identity" : "swift-essentials",
      "kind" : "remoteSourceControl",
      "location" : "https://github.com/lumoscompany/swift-essentials.git",
      "state" : {
        "revision" : "8b545ef68059b2c2c82dbe688ede1794308629ac",
        "version" : "0.0.18"
      }
    },
    {
      "identity" : "swift-essentials-nfc",
      "kind" : "remoteSourceControl",
      "location" : "https://github.com/lumoscompany/swift-essentials-nfc.git",
      "state" : {
        "revision" : "a2ff23019ffaa305ea84bf21406d196e1a72b50a",
        "version" : "0.0.3"
      }
    },
    {
      "identity" : "swift-log",
      "kind" : "remoteSourceControl",
      "location" : "https://github.com/apple/swift-log",
      "state" : {
        "revision" : "9cb486020ebf03bfa5b5df985387a14a98744537",
        "version" : "1.6.1"
      }
    }
  ],
  "version" : 3
}
