{
  "originHash" : "f7a7def3ecd7391e93621ab09ee50c581e7233150b156eb01379a3b0d19b34f4",
  "pins" : [
    {
      "identity" : "swift-essentials",
      "kind" : "remoteSourceControl",
      "location" : "https://github.com/lumoscompany/swift-essentials.git",
      "state" : {
        "revision" : "65ba665a9efff09521ecc4f429badbfb070db301",
        "version" : "0.0.22"
      }
    },
    {
      "identity" : "swift-essentials-nfc",
      "kind" : "remoteSourceControl",
      "location" : "https://github.com/lumoscompany/swift-essentials-nfc.git",
      "state" : {
        "revision" : "2a6120c072901dfc7d8be356ab5b410674c191e8",
        "version" : "0.0.5"
      }
    },
    {
      "identity" : "swift-log",
      "kind" : "remoteSourceControl",
      "location" : "https://github.com/apple/swift-log",
      "state" : {
        "revision" : "9cb486020ebf03bfa5b5df985387a14a98744537",
        "version" : "1.6.1"
      }
    }
  ],
  "version" : 3
}
